
Microsoft Visual Studio Solution File, Format Version 12.00
# Visual Studio Version 16
VisualStudioVersion = 16.0.30907.101
MinimumVisualStudioVersion = 10.0.40219.1
Project("{888888A0-9F3D-457C-B088-3A5042F75D52}") = "ComparingAges", "ComparingAges.pyproj", "{B0850EF1-F176-406C-9EE9-1E22D1C09CFF}"
EndProject
Global
	GlobalSection(SolutionConfigurationPlatforms) = preSolution
		Debug|Any CPU = Debug|Any CPU
		Release|Any CPU = Release|Any CPU
	EndGlobalSection
	GlobalSection(ProjectConfigurationPlatforms) = postSolution
		{B0850EF1-F176-406C-9EE9-1E22D1C09CFF}.Debug|Any CPU.ActiveCfg = Debug|Any CPU
		{B0850EF1-F176-406C-9EE9-1E22D1C09CFF}.Release|Any CPU.ActiveCfg = Release|Any CPU
	EndGlobalSection
	GlobalSection(SolutionProperties) = preSolution
		HideSolutionNode = FALSE
	EndGlobalSection
	GlobalSection(ExtensibilityGlobals) = postSolution
		SolutionGuid = {6F608661-B9C2-427F-8262-A3B025E7981D}
	EndGlobalSection
EndGlobal
